// !$*UTF8*$!
{
	archiveVersion = 1;
	classes = {
	};
	objectVersion = 60;
	objects = {

/* Begin PBXBuildFile section */
		27920E752B994BC00026C0E3 /* AppDelegate.swift in Sources */ = {isa = PBXBuildFile; fileRef = 27920E742B994BC00026C0E3 /* AppDelegate.swift */; };
		27920E772B994BC00026C0E3 /* SceneDelegate.swift in Sources */ = {isa = PBXBuildFile; fileRef = 27920E762B994BC00026C0E3 /* SceneDelegate.swift */; };
		27920E792B994BC00026C0E3 /* ViewController.swift in Sources */ = {isa = PBXBuildFile; fileRef = 27920E782B994BC00026C0E3 /* ViewController.swift */; };
		27920E7C2B994BC00026C0E3 /* Base in Resources */ = {isa = PBXBuildFile; fileRef = 27920E7B2B994BC00026C0E3 /* Base */; };
		27920E7E2B994BC10026C0E3 /* Assets.xcassets in Resources */ = {isa = PBXBuildFile; fileRef = 27920E7D2B994BC10026C0E3 /* Assets.xcassets */; };
		27920E812B994BC10026C0E3 /* Base in Resources */ = {isa = PBXBuildFile; fileRef = 27920E802B994BC10026C0E3 /* Base */; };
		27920E8A2B994BD20026C0E3 /* AdsWrapper in Frameworks */ = {isa = PBXBuildFile; productRef = 27920E892B994BD20026C0E3 /* AdsWrapper */; };
/* End PBXBuildFile section */

/* Begin PBXFileReference section */
		27920E712B994BC00026C0E3 /* SPM-Wraps-XCFramework-With-BinaryTarget.app */ = {isa = PBXFileReference; explicitFileType = wrapper.application; includeInIndex = 0; path = "SPM-Wraps-XCFramework-With-BinaryTarget.app"; sourceTree = BUILT_PRODUCTS_DIR; };
		27920E742B994BC00026C0E3 /* AppDelegate.swift */ = {isa = PBXFileReference; lastKnownFileType = sourcecode.swift; path = AppDelegate.swift; sourceTree = "<group>"; };
		27920E762B994BC00026C0E3 /* SceneDelegate.swift */ = {isa = PBXFileReference; lastKnownFileType = sourcecode.swift; path = SceneDelegate.swift; sourceTree = "<group>"; };
		27920E782B994BC00026C0E3 /* ViewController.swift */ = {isa = PBXFileReference; lastKnownFileType = sourcecode.swift; path = ViewController.swift; sourceTree = "<group>"; };
		27920E7B2B994BC00026C0E3 /* Base */ = {isa = PBXFileReference; lastKnownFileType = file.storyboard; name = Base; path = Base.lproj/Main.storyboard; sourceTree = "<group>"; };
		27920E7D2B994BC10026C0E3 /* Assets.xcassets */ = {isa = PBXFileReference; lastKnownFileType = folder.assetcatalog; path = Assets.xcassets; sourceTree = "<group>"; };
		27920E802B994BC10026C0E3 /* Base */ = {isa = PBXFileReference; lastKnownFileType = file.storyboard; name = Base; path = Base.lproj/LaunchScreen.storyboard; sourceTree = "<group>"; };
		27920E822B994BC10026C0E3 /* Info.plist */ = {isa = PBXFileReference; lastKnownFileType = text.plist.xml; path = Info.plist; sourceTree = "<group>"; };
/* End PBXFileReference section */

/* Begin PBXFrameworksBuildPhase section */
		27920E6E2B994BC00026C0E3 /* Frameworks */ = {
			isa = PBXFrameworksBuildPhase;
			buildActionMask = 2147483647;
			files = (
				27920E8A2B994BD20026C0E3 /* AdsWrapper in Frameworks */,
			);
			runOnlyForDeploymentPostprocessing = 0;
		};
/* End PBXFrameworksBuildPhase section */

/* Begin PBXGroup section */
		27920E682B994BC00026C0E3 = {
			isa = PBXGroup;
			children = (
				27920E732B994BC00026C0E3 /* SPM-Wraps-XCFramework-With-BinaryTarget */,
				27920E722B994BC00026C0E3 /* Products */,
			);
			sourceTree = "<group>";
		};
		27920E722B994BC00026C0E3 /* Products */ = {
			isa = PBXGroup;
			children = (
				27920E712B994BC00026C0E3 /* SPM-Wraps-XCFramework-With-BinaryTarget.app */,
			);
			name = Products;
			sourceTree = "<group>";
		};
		27920E732B994BC00026C0E3 /* SPM-Wraps-XCFramework-With-BinaryTarget */ = {
			isa = PBXGroup;
			children = (
				27920E742B994BC00026C0E3 /* AppDelegate.swift */,
				27920E762B994BC00026C0E3 /* SceneDelegate.swift */,
				27920E782B994BC00026C0E3 /* ViewController.swift */,
				27920E7A2B994BC00026C0E3 /* Main.storyboard */,
				27920E7D2B994BC10026C0E3 /* Assets.xcassets */,
				27920E7F2B994BC10026C0E3 /* LaunchScreen.storyboard */,
				27920E822B994BC10026C0E3 /* Info.plist */,
			);
			path = "SPM-Wraps-XCFramework-With-BinaryTarget";
			sourceTree = "<group>";
		};
/* End PBXGroup section */

/* Begin PBXNativeTarget section */
		27920E702B994BC00026C0E3 /* SPM-Wraps-XCFramework-With-BinaryTarget */ = {
			isa = PBXNativeTarget;
			buildConfigurationList = 27920E852B994BC10026C0E3 /* Build configuration list for PBXNativeTarget "SPM-Wraps-XCFramework-With-BinaryTarget" */;
			buildPhases = (
				27920E6D2B994BC00026C0E3 /* Sources */,
				27920E6E2B994BC00026C0E3 /* Frameworks */,
				27920E6F2B994BC00026C0E3 /* Resources */,
			);
			buildRules = (
			);
			dependencies = (
			);
			name = "SPM-Wraps-XCFramework-With-BinaryTarget";
			packageProductDependencies = (
				27920E892B994BD20026C0E3 /* AdsWrapper */,
			);
			productName = "SPM-Wraps-XCFramework-With-BinaryTarget";
			productReference = 27920E712B994BC00026C0E3 /* SPM-Wraps-XCFramework-With-BinaryTarget.app */;
			productType = "com.apple.product-type.application";
		};
/* End PBXNativeTarget section */

/* Begin PBXProject section */
		27920E692B994BC00026C0E3 /* Project object */ = {
			isa = PBXProject;
			attributes = {
				BuildIndependentTargetsInParallel = 1;
				LastSwiftUpdateCheck = 1530;
				LastUpgradeCheck = 1530;
				TargetAttributes = {
					27920E702B994BC00026C0E3 = {
						CreatedOnToolsVersion = 15.3;
					};
				};
			};
			buildConfigurationList = 27920E6C2B994BC00026C0E3 /* Build configuration list for PBXProject "SPM-Wraps-XCFramework-With-BinaryTarget" */;
			compatibilityVersion = "Xcode 14.0";
			developmentRegion = en;
			hasScannedForEncodings = 0;
			knownRegions = (
				en,
				Base,
			);
			mainGroup = 27920E682B994BC00026C0E3;
			packageReferences = (
				27920E882B994BD20026C0E3 /* XCLocalSwiftPackageReference "../Tuist-SPM-With-Binary-Target-Wrapping-XCFramework/LocalPackage" */,
			);
			productRefGroup = 27920E722B994BC00026C0E3 /* Products */;
			projectDirPath = "";
			projectRoot = "";
			targets = (
				27920E702B994BC00026C0E3 /* SPM-Wraps-XCFramework-With-BinaryTarget */,
			);
		};
/* End PBXProject section */

/* Begin PBXResourcesBuildPhase section */
		27920E6F2B994BC00026C0E3 /* Resources */ = {
			isa = PBXResourcesBuildPhase;
			buildActionMask = 2147483647;
			files = (
				27920E7E2B994BC10026C0E3 /* Assets.xcassets in Resources */,
				27920E812B994BC10026C0E3 /* Base in Resources */,
				27920E7C2B994BC00026C0E3 /* Base in Resources */,
			);
			runOnlyForDeploymentPostprocessing = 0;
		};
/* End PBXResourcesBuildPhase section */

/* Begin PBXSourcesBuildPhase section */
		27920E6D2B994BC00026C0E3 /* Sources */ = {
			isa = PBXSourcesBuildPhase;
			buildActionMask = 2147483647;
			files = (
				27920E792B994BC00026C0E3 /* ViewController.swift in Sources */,
				27920E752B994BC00026C0E3 /* AppDelegate.swift in Sources */,
				27920E772B994BC00026C0E3 /* SceneDelegate.swift in Sources */,
			);
			runOnlyForDeploymentPostprocessing = 0;
		};
/* End PBXSourcesBuildPhase section */

/* Begin PBXVariantGroup section */
		27920E7A2B994BC00026C0E3 /* Main.storyboard */ = {
			isa = PBXVariantGroup;
			children = (
				27920E7B2B994BC00026C0E3 /* Base */,
			);
			name = Main.storyboard;
			sourceTree = "<group>";
		};
		27920E7F2B994BC10026C0E3 /* LaunchScreen.storyboard */ = {
			isa = PBXVariantGroup;
			children = (
				27920E802B994BC10026C0E3 /* Base */,
			);
			name = LaunchScreen.storyboard;
			sourceTree = "<group>";
		};
/* End PBXVariantGroup section */

/* Begin XCBuildConfiguration section */
		27920E832B994BC10026C0E3 /* Debug */ = {
			isa = XCBuildConfiguration;
			buildSettings = {
				ALWAYS_SEARCH_USER_PATHS = NO;
				ASSETCATALOG_COMPILER_GENERATE_SWIFT_ASSET_SYMBOL_EXTENSIONS = YES;
				CLANG_ANALYZER_NONNULL = YES;
				CLANG_ANALYZER_NUMBER_OBJECT_CONVERSION = YES_AGGRESSIVE;
				CLANG_CXX_LANGUAGE_STANDARD = "gnu++20";
				CLANG_ENABLE_MODULES = YES;
				CLANG_ENABLE_OBJC_ARC = YES;
				CLANG_ENABLE_OBJC_WEAK = YES;
				CLANG_WARN_BLOCK_CAPTURE_AUTORELEASING = YES;
				CLANG_WARN_BOOL_CONVERSION = YES;
				CLANG_WARN_COMMA = YES;
				CLANG_WARN_CONSTANT_CONVERSION = YES;
				CLANG_WARN_DEPRECATED_OBJC_IMPLEMENTATIONS = YES;
				CLANG_WARN_DIRECT_OBJC_ISA_USAGE = YES_ERROR;
				CLANG_WARN_DOCUMENTATION_COMMENTS = YES;
				CLANG_WARN_EMPTY_BODY = YES;
				CLANG_WARN_ENUM_CONVERSION = YES;
				CLANG_WARN_INFINITE_RECURSION = YES;
				CLANG_WARN_INT_CONVERSION = YES;
				CLANG_WARN_NON_LITERAL_NULL_CONVERSION = YES;
				CLANG_WARN_OBJC_IMPLICIT_RETAIN_SELF = YES;
				CLANG_WARN_OBJC_LITERAL_CONVERSION = YES;
				CLANG_WARN_OBJC_ROOT_CLASS = YES_ERROR;
				CLANG_WARN_QUOTED_INCLUDE_IN_FRAMEWORK_HEADER = YES;
				CLANG_WARN_RANGE_LOOP_ANALYSIS = YES;
				CLANG_WARN_STRICT_PROTOTYPES = YES;
				CLANG_WARN_SUSPICIOUS_MOVE = YES;
				CLANG_WARN_UNGUARDED_AVAILABILITY = YES_AGGRESSIVE;
				CLANG_WARN_UNREACHABLE_CODE = YES;
				CLANG_WARN__DUPLICATE_METHOD_MATCH = YES;
				COPY_PHASE_STRIP = NO;
				DEBUG_INFORMATION_FORMAT = dwarf;
				ENABLE_STRICT_OBJC_MSGSEND = YES;
				ENABLE_TESTABILITY = YES;
				ENABLE_USER_SCRIPT_SANDBOXING = YES;
				GCC_C_LANGUAGE_STANDARD = gnu17;
				GCC_DYNAMIC_NO_PIC = NO;
				GCC_NO_COMMON_BLOCKS = YES;
				GCC_OPTIMIZATION_LEVEL = 0;
				GCC_PREPROCESSOR_DEFINITIONS = (
					"DEBUG=1",
					"$(inherited)",
				);
				GCC_WARN_64_TO_32_BIT_CONVERSION = YES;
				GCC_WARN_ABOUT_RETURN_TYPE = YES_ERROR;
				GCC_WARN_UNDECLARED_SELECTOR = YES;
				GCC_WARN_UNINITIALIZED_AUTOS = YES_AGGRESSIVE;
				GCC_WARN_UNUSED_FUNCTION = YES;
				GCC_WARN_UNUSED_VARIABLE = YES;
				IPHONEOS_DEPLOYMENT_TARGET = 17.4;
				LOCALIZATION_PREFERS_STRING_CATALOGS = YES;
				MTL_ENABLE_DEBUG_INFO = INCLUDE_SOURCE;
				MTL_FAST_MATH = YES;
				ONLY_ACTIVE_ARCH = YES;
				SDKROOT = iphoneos;
				SWIFT_ACTIVE_COMPILATION_CONDITIONS = "DEBUG $(inherited)";
				SWIFT_OPTIMIZATION_LEVEL = "-Onone";
			};
			name = Debug;
		};
		27920E842B994BC10026C0E3 /* Release */ = {
			isa = XCBuildConfiguration;
			buildSettings = {
				ALWAYS_SEARCH_USER_PATHS = NO;
				ASSETCATALOG_COMPILER_GENERATE_SWIFT_ASSET_SYMBOL_EXTENSIONS = YES;
				CLANG_ANALYZER_NONNULL = YES;
				CLANG_ANALYZER_NUMBER_OBJECT_CONVERSION = YES_AGGRESSIVE;
				CLANG_CXX_LANGUAGE_STANDARD = "gnu++20";
				CLANG_ENABLE_MODULES = YES;
				CLANG_ENABLE_OBJC_ARC = YES;
				CLANG_ENABLE_OBJC_WEAK = YES;
				CLANG_WARN_BLOCK_CAPTURE_AUTORELEASING = YES;
				CLANG_WARN_BOOL_CONVERSION = YES;
				CLANG_WARN_COMMA = YES;
				CLANG_WARN_CONSTANT_CONVERSION = YES;
				CLANG_WARN_DEPRECATED_OBJC_IMPLEMENTATIONS = YES;
				CLANG_WARN_DIRECT_OBJC_ISA_USAGE = YES_ERROR;
				CLANG_WARN_DOCUMENTATION_COMMENTS = YES;
				CLANG_WARN_EMPTY_BODY = YES;
				CLANG_WARN_ENUM_CONVERSION = YES;
				CLANG_WARN_INFINITE_RECURSION = YES;
				CLANG_WARN_INT_CONVERSION = YES;
				CLANG_WARN_NON_LITERAL_NULL_CONVERSION = YES;
				CLANG_WARN_OBJC_IMPLICIT_RETAIN_SELF = YES;
				CLANG_WARN_OBJC_LITERAL_CONVERSION = YES;
				CLANG_WARN_OBJC_ROOT_CLASS = YES_ERROR;
				CLANG_WARN_QUOTED_INCLUDE_IN_FRAMEWORK_HEADER = YES;
				CLANG_WARN_RANGE_LOOP_ANALYSIS = YES;
				CLANG_WARN_STRICT_PROTOTYPES = YES;
				CLANG_WARN_SUSPICIOUS_MOVE = YES;
				CLANG_WARN_UNGUARDED_AVAILABILITY = YES_AGGRESSIVE;
				CLANG_WARN_UNREACHABLE_CODE = YES;
				CLANG_WARN__DUPLICATE_METHOD_MATCH = YES;
				COPY_PHASE_STRIP = NO;
				DEBUG_INFORMATION_FORMAT = "dwarf-with-dsym";
				ENABLE_NS_ASSERTIONS = NO;
				ENABLE_STRICT_OBJC_MSGSEND = YES;
				ENABLE_USER_SCRIPT_SANDBOXING = YES;
				GCC_C_LANGUAGE_STANDARD = gnu17;
				GCC_NO_COMMON_BLOCKS = YES;
				GCC_WARN_64_TO_32_BIT_CONVERSION = YES;
				GCC_WARN_ABOUT_RETURN_TYPE = YES_ERROR;
				GCC_WARN_UNDECLARED_SELECTOR = YES;
				GCC_WARN_UNINITIALIZED_AUTOS = YES_AGGRESSIVE;
				GCC_WARN_UNUSED_FUNCTION = YES;
				GCC_WARN_UNUSED_VARIABLE = YES;
				IPHONEOS_DEPLOYMENT_TARGET = 17.4;
				LOCALIZATION_PREFERS_STRING_CATALOGS = YES;
				MTL_ENABLE_DEBUG_INFO = NO;
				MTL_FAST_MATH = YES;
				SDKROOT = iphoneos;
				SWIFT_COMPILATION_MODE = wholemodule;
				VALIDATE_PRODUCT = YES;
			};
			name = Release;
		};
		27920E862B994BC10026C0E3 /* Debug */ = {
			isa = XCBuildConfiguration;
			buildSettings = {
				ASSETCATALOG_COMPILER_APPICON_NAME = AppIcon;
				ASSETCATALOG_COMPILER_GLOBAL_ACCENT_COLOR_NAME = AccentColor;
				CODE_SIGN_STYLE = Automatic;
				CURRENT_PROJECT_VERSION = 1;
				DEVELOPMENT_TEAM = 5PT8CRKKZ9;
				GENERATE_INFOPLIST_FILE = YES;
				INFOPLIST_FILE = "SPM-Wraps-XCFramework-With-BinaryTarget/Info.plist";
				INFOPLIST_KEY_UIApplicationSupportsIndirectInputEvents = YES;
				INFOPLIST_KEY_UILaunchStoryboardName = LaunchScreen;
				INFOPLIST_KEY_UIMainStoryboardFile = Main;
				INFOPLIST_KEY_UISupportedInterfaceOrientations_iPad = "UIInterfaceOrientationPortrait UIInterfaceOrientationPortraitUpsideDown UIInterfaceOrientationLandscapeLeft UIInterfaceOrientationLandscapeRight";
				INFOPLIST_KEY_UISupportedInterfaceOrientations_iPhone = "UIInterfaceOrientationPortrait UIInterfaceOrientationLandscapeLeft UIInterfaceOrientationLandscapeRight";
				LD_RUNPATH_SEARCH_PATHS = (
					"$(inherited)",
					"@executable_path/Frameworks",
				);
				MARKETING_VERSION = 1.0;
				PRODUCT_BUNDLE_IDENTIFIER = "com.daniel.b.SPM-Wraps-XCFramework-With-BinaryTarget";
				PRODUCT_NAME = "$(TARGET_NAME)";
				SWIFT_EMIT_LOC_STRINGS = YES;
				SWIFT_VERSION = 5.0;
				TARGETED_DEVICE_FAMILY = "1,2";
			};
			name = Debug;
		};
		27920E872B994BC10026C0E3 /* Release */ = {
			isa = XCBuildConfiguration;
			buildSettings = {
				ASSETCATALOG_COMPILER_APPICON_NAME = AppIcon;
				ASSETCATALOG_COMPILER_GLOBAL_ACCENT_COLOR_NAME = AccentColor;
				CODE_SIGN_STYLE = Automatic;
				CURRENT_PROJECT_VERSION = 1;
				DEVELOPMENT_TEAM = 5PT8CRKKZ9;
				GENERATE_INFOPLIST_FILE = YES;
				INFOPLIST_FILE = "SPM-Wraps-XCFramework-With-BinaryTarget/Info.plist";
				INFOPLIST_KEY_UIApplicationSupportsIndirectInputEvents = YES;
				INFOPLIST_KEY_UILaunchStoryboardName = LaunchScreen;
				INFOPLIST_KEY_UIMainStoryboardFile = Main;
				INFOPLIST_KEY_UISupportedInterfaceOrientations_iPad = "UIInterfaceOrientationPortrait UIInterfaceOrientationPortraitUpsideDown UIInterfaceOrientationLandscapeLeft UIInterfaceOrientationLandscapeRight";
				INFOPLIST_KEY_UISupportedInterfaceOrientations_iPhone = "UIInterfaceOrientationPortrait UIInterfaceOrientationLandscapeLeft UIInterfaceOrientationLandscapeRight";
				LD_RUNPATH_SEARCH_PATHS = (
					"$(inherited)",
					"@executable_path/Frameworks",
				);
				MARKETING_VERSION = 1.0;
				PRODUCT_BUNDLE_IDENTIFIER = "com.daniel.b.SPM-Wraps-XCFramework-With-BinaryTarget";
				PRODUCT_NAME = "$(TARGET_NAME)";
				SWIFT_EMIT_LOC_STRINGS = YES;
				SWIFT_VERSION = 5.0;
				TARGETED_DEVICE_FAMILY = "1,2";
			};
			name = Release;
		};
/* End XCBuildConfiguration section */

/* Begin XCConfigurationList section */
		27920E6C2B994BC00026C0E3 /* Build configuration list for PBXProject "SPM-Wraps-XCFramework-With-BinaryTarget" */ = {
			isa = XCConfigurationList;
			buildConfigurations = (
				27920E832B994BC10026C0E3 /* Debug */,
				27920E842B994BC10026C0E3 /* Release */,
			);
			defaultConfigurationIsVisible = 0;
			defaultConfigurationName = Release;
		};
		27920E852B994BC10026C0E3 /* Build configuration list for PBXNativeTarget "SPM-Wraps-XCFramework-With-BinaryTarget" */ = {
			isa = XCConfigurationList;
			buildConfigurations = (
				27920E862B994BC10026C0E3 /* Debug */,
				27920E872B994BC10026C0E3 /* Release */,
			);
			defaultConfigurationIsVisible = 0;
			defaultConfigurationName = Release;
		};
/* End XCConfigurationList section */

/* Begin XCLocalSwiftPackageReference section */
		27920E882B994BD20026C0E3 /* XCLocalSwiftPackageReference "../Tuist-SPM-With-Binary-Target-Wrapping-XCFramework/LocalPackage" */ = {
			isa = XCLocalSwiftPackageReference;
			relativePath = "../Tuist-SPM-With-Binary-Target-Wrapping-XCFramework/LocalPackage";
		};
/* End XCLocalSwiftPackageReference section */

/* Begin XCSwiftPackageProductDependency section */
		27920E892B994BD20026C0E3 /* AdsWrapper */ = {
			isa = XCSwiftPackageProductDependency;
			productName = AdsWrapper;
		};
/* End XCSwiftPackageProductDependency section */
	};
	rootObject = 27920E692B994BC00026C0E3 /* Project object */;
}
